
Microsoft Visual Studio Solution File, Format Version 10.00
# Visual Studio 2008
Project("{8BC9CEB8-8B4A-11D0-8D11-00A0C91BC942}") = "递归总结", "递归总结\递归总结.vcproj", "{A09482DC-0319-43EA-999C-111996E344F9}"
EndProject
Global
	GlobalSection(SolutionConfigurationPlatforms) = preSolution
		Debug|Win32 = Debug|Win32
		Release|Win32 = Release|Win32
	EndGlobalSection
	GlobalSection(ProjectConfigurationPlatforms) = postSolution
		{A09482DC-0319-43EA-999C-111996E344F9}.Debug|Win32.ActiveCfg = Debug|Win32
		{A09482DC-0319-43EA-999C-111996E344F9}.Debug|Win32.Build.0 = Debug|Win32
		{A09482DC-0319-43EA-999C-111996E344F9}.Release|Win32.ActiveCfg = Release|Win32
		{A09482DC-0319-43EA-999C-111996E344F9}.Release|Win32.Build.0 = Release|Win32
	EndGlobalSection
	GlobalSection(SolutionProperties) = preSolution
		HideSolutionNode = FALSE
	EndGlobalSection
EndGlobal
